
Microsoft Visual Studio Solution File, Format Version 12.00
# Visual Studio 15
Project("{FAE04EC0-301F-11D3-BF4B-00C04F79EFBC}") = "Assembly-CSharp", "Assembly-CSharp.csproj", "{952CC212-1A18-C588-4439-5D1A6E222BA7}"
EndProject
Project("{FAE04EC0-301F-11D3-BF4B-00C04F79EFBC}") = "Assembly-CSharp-Editor", "Assembly-CSharp-Editor.csproj", "{12975B77-15B6-B8FD-9F78-2CE6F70C3EAF}"
EndProject
Global
	GlobalSection(SolutionConfigurationPlatforms) = preSolution
		Debug|Any CPU = Debug|Any CPU
		Release|Any CPU = Release|Any CPU
	EndGlobalSection
	GlobalSection(ProjectConfigurationPlatforms) = postSolution
		{952CC212-1A18-C588-4439-5D1A6E222BA7}.Debug|Any CPU.ActiveCfg = Debug|Any CPU
		{952CC212-1A18-C588-4439-5D1A6E222BA7}.Debug|Any CPU.Build.0 = Debug|Any CPU
		{952CC212-1A18-C588-4439-5D1A6E222BA7}.Release|Any CPU.ActiveCfg = Release|Any CPU
		{952CC212-1A18-C588-4439-5D1A6E222BA7}.Release|Any CPU.Build.0 = Release|Any CPU
		{12975B77-15B6-B8FD-9F78-2CE6F70C3EAF}.Debug|Any CPU.ActiveCfg = Debug|Any CPU
		{12975B77-15B6-B8FD-9F78-2CE6F70C3EAF}.Debug|Any CPU.Build.0 = Debug|Any CPU
		{12975B77-15B6-B8FD-9F78-2CE6F70C3EAF}.Release|Any CPU.ActiveCfg = Release|Any CPU
		{12975B77-15B6-B8FD-9F78-2CE6F70C3EAF}.Release|Any CPU.Build.0 = Release|Any CPU
	EndGlobalSection
	GlobalSection(SolutionProperties) = preSolution
		HideSolutionNode = FALSE
	EndGlobalSection
EndGlobal
